
Microsoft Visual Studio Solution File, Format Version 12.00
# Visual Studio Version 17
VisualStudioVersion = 17.11.35222.181
MinimumVisualStudioVersion = 10.0.40219.1
Project("{9A19103F-16F7-4668-BE54-9A1E7A4F7556}") = "ASP_Rest_API", "ASP_Rest_API\ASP_Rest_API.csproj", "{4A22153B-29B2-4674-84D8-C2F2F558D4CB}"
EndProject
Project("{E53339B2-1760-4266-BCC7-CA923CBCF16C}") = "docker-compose", "docker-compose.dcproj", "{F20C035D-4F02-4A6C-8397-EAC3C9C3DAAC}"
EndProject
Project("{9A19103F-16F7-4668-BE54-9A1E7A4F7556}") = "WebUI", "WebUI\WebUI.csproj", "{7A214B19-B956-42C4-AD1C-D8CB5D8394DB}"
EndProject
Global
	GlobalSection(SolutionConfigurationPlatforms) = preSolution
		Debug|Any CPU = Debug|Any CPU
		Release|Any CPU = Release|Any CPU
	EndGlobalSection
	GlobalSection(ProjectConfigurationPlatforms) = postSolution
		{4A22153B-29B2-4674-84D8-C2F2F558D4CB}.Debug|Any CPU.ActiveCfg = Debug|Any CPU
		{4A22153B-29B2-4674-84D8-C2F2F558D4CB}.Debug|Any CPU.Build.0 = Debug|Any CPU
		{4A22153B-29B2-4674-84D8-C2F2F558D4CB}.Release|Any CPU.ActiveCfg = Release|Any CPU
		{4A22153B-29B2-4674-84D8-C2F2F558D4CB}.Release|Any CPU.Build.0 = Release|Any CPU
		{F20C035D-4F02-4A6C-8397-EAC3C9C3DAAC}.Debug|Any CPU.ActiveCfg = Debug|Any CPU
		{F20C035D-4F02-4A6C-8397-EAC3C9C3DAAC}.Debug|Any CPU.Build.0 = Debug|Any CPU
		{F20C035D-4F02-4A6C-8397-EAC3C9C3DAAC}.Release|Any CPU.ActiveCfg = Release|Any CPU
		{F20C035D-4F02-4A6C-8397-EAC3C9C3DAAC}.Release|Any CPU.Build.0 = Release|Any CPU
		{7A214B19-B956-42C4-AD1C-D8CB5D8394DB}.Debug|Any CPU.ActiveCfg = Debug|Any CPU
		{7A214B19-B956-42C4-AD1C-D8CB5D8394DB}.Debug|Any CPU.Build.0 = Debug|Any CPU
		{7A214B19-B956-42C4-AD1C-D8CB5D8394DB}.Release|Any CPU.ActiveCfg = Release|Any CPU
		{7A214B19-B956-42C4-AD1C-D8CB5D8394DB}.Release|Any CPU.Build.0 = Release|Any CPU
	EndGlobalSection
	GlobalSection(SolutionProperties) = preSolution
		HideSolutionNode = FALSE
	EndGlobalSection
	GlobalSection(ExtensibilityGlobals) = postSolution
		SolutionGuid = {6201A1CE-4DDB-43F6-9148-EBC282C3AA12}
	EndGlobalSection
EndGlobal
